
Microsoft Visual Studio Solution File, Format Version 12.00
# Visual Studio Version 16
VisualStudioVersion = 16.6.30114.105
MinimumVisualStudioVersion = 10.0.40219.1
Project("{2150E333-8FDC-42A3-9474-1A3956D46DE8}") = "1", "1", "{13AD8615-8CF1-4797-8CC5-5608268DCB97}"
EndProject
Project("{9A19103F-16F7-4668-BE54-9A1E7A4F7556}") = "IdentityServer", "1\IdentityServer\IdentityServer.csproj", "{21C2FA2D-2FD8-4168-B081-0A7875F8C6D8}"
EndProject
Project("{9A19103F-16F7-4668-BE54-9A1E7A4F7556}") = "Api", "1\Api\Api.csproj", "{20979479-5652-4485-8A1E-E611013127FE}"
EndProject
Project("{9A19103F-16F7-4668-BE54-9A1E7A4F7556}") = "Client", "1\Client\Client.csproj", "{B85D30AE-556F-460A-9A9C-A377BA7FE163}"
EndProject
Project("{9A19103F-16F7-4668-BE54-9A1E7A4F7556}") = "MvcClient", "1\MvcClient\MvcClient.csproj", "{E65ADB09-F86E-428A-ACEB-F7FD6F398C74}"
EndProject
Project("{9A19103F-16F7-4668-BE54-9A1E7A4F7556}") = "JavaScriptClient", "1\JavaScriptClient\JavaScriptClient.csproj", "{AF2D450C-1ABE-4A4B-973B-E7124DB8FAE1}"
EndProject
Project("{9A19103F-16F7-4668-BE54-9A1E7A4F7556}") = "IdentityServerAspNetIdentity", "1\IdentityServerAspNetIdentity\IdentityServerAspNetIdentity.csproj", "{09C29B0D-C405-4C9C-A646-803DDF0751D2}"
EndProject
Project("{9A19103F-16F7-4668-BE54-9A1E7A4F7556}") = "API2", "1\API2\API2.csproj", "{B6E2B61E-CD93-4361-AB42-98FFB87773DE}"
EndProject
Project("{2150E333-8FDC-42A3-9474-1A3956D46DE8}") = "externals", "externals", "{5BC2DE33-6ED8-440F-8BC1-B57B5F3511A6}"
EndProject
Project("{9A19103F-16F7-4668-BE54-9A1E7A4F7556}") = "IdentityModel", "..\externals\IdentityModel\src\IdentityModel.csproj", "{92F6FA31-F583-41C2-AA62-B4F125F5B822}"
EndProject
Global
	GlobalSection(SolutionConfigurationPlatforms) = preSolution
		Debug|Any CPU = Debug|Any CPU
		Debug|x64 = Debug|x64
		Debug|x86 = Debug|x86
		Release|Any CPU = Release|Any CPU
		Release|x64 = Release|x64
		Release|x86 = Release|x86
	EndGlobalSection
	GlobalSection(ProjectConfigurationPlatforms) = postSolution
		{21C2FA2D-2FD8-4168-B081-0A7875F8C6D8}.Debug|Any CPU.ActiveCfg = Debug|Any CPU
		{21C2FA2D-2FD8-4168-B081-0A7875F8C6D8}.Debug|Any CPU.Build.0 = Debug|Any CPU
		{21C2FA2D-2FD8-4168-B081-0A7875F8C6D8}.Debug|x64.ActiveCfg = Debug|Any CPU
		{21C2FA2D-2FD8-4168-B081-0A7875F8C6D8}.Debug|x64.Build.0 = Debug|Any CPU
		{21C2FA2D-2FD8-4168-B081-0A7875F8C6D8}.Debug|x86.ActiveCfg = Debug|Any CPU
		{21C2FA2D-2FD8-4168-B081-0A7875F8C6D8}.Debug|x86.Build.0 = Debug|Any CPU
		{21C2FA2D-2FD8-4168-B081-0A7875F8C6D8}.Release|Any CPU.ActiveCfg = Release|Any CPU
		{21C2FA2D-2FD8-4168-B081-0A7875F8C6D8}.Release|Any CPU.Build.0 = Release|Any CPU
		{21C2FA2D-2FD8-4168-B081-0A7875F8C6D8}.Release|x64.ActiveCfg = Release|Any CPU
		{21C2FA2D-2FD8-4168-B081-0A7875F8C6D8}.Release|x64.Build.0 = Release|Any CPU
		{21C2FA2D-2FD8-4168-B081-0A7875F8C6D8}.Release|x86.ActiveCfg = Release|Any CPU
		{21C2FA2D-2FD8-4168-B081-0A7875F8C6D8}.Release|x86.Build.0 = Release|Any CPU
		{20979479-5652-4485-8A1E-E611013127FE}.Debug|Any CPU.ActiveCfg = Debug|Any CPU
		{20979479-5652-4485-8A1E-E611013127FE}.Debug|Any CPU.Build.0 = Debug|Any CPU
		{20979479-5652-4485-8A1E-E611013127FE}.Debug|x64.ActiveCfg = Debug|Any CPU
		{20979479-5652-4485-8A1E-E611013127FE}.Debug|x64.Build.0 = Debug|Any CPU
		{20979479-5652-4485-8A1E-E611013127FE}.Debug|x86.ActiveCfg = Debug|Any CPU
		{20979479-5652-4485-8A1E-E611013127FE}.Debug|x86.Build.0 = Debug|Any CPU
		{20979479-5652-4485-8A1E-E611013127FE}.Release|Any CPU.ActiveCfg = Release|Any CPU
		{20979479-5652-4485-8A1E-E611013127FE}.Release|Any CPU.Build.0 = Release|Any CPU
		{20979479-5652-4485-8A1E-E611013127FE}.Release|x64.ActiveCfg = Release|Any CPU
		{20979479-5652-4485-8A1E-E611013127FE}.Release|x64.Build.0 = Release|Any CPU
		{20979479-5652-4485-8A1E-E611013127FE}.Release|x86.ActiveCfg = Release|Any CPU
		{20979479-5652-4485-8A1E-E611013127FE}.Release|x86.Build.0 = Release|Any CPU
		{B85D30AE-556F-460A-9A9C-A377BA7FE163}.Debug|Any CPU.ActiveCfg = Debug|Any CPU
		{B85D30AE-556F-460A-9A9C-A377BA7FE163}.Debug|Any CPU.Build.0 = Debug|Any CPU
		{B85D30AE-556F-460A-9A9C-A377BA7FE163}.Debug|x64.ActiveCfg = Debug|Any CPU
		{B85D30AE-556F-460A-9A9C-A377BA7FE163}.Debug|x64.Build.0 = Debug|Any CPU
		{B85D30AE-556F-460A-9A9C-A377BA7FE163}.Debug|x86.ActiveCfg = Debug|Any CPU
		{B85D30AE-556F-460A-9A9C-A377BA7FE163}.Debug|x86.Build.0 = Debug|Any CPU
		{B85D30AE-556F-460A-9A9C-A377BA7FE163}.Release|Any CPU.ActiveCfg = Release|Any CPU
		{B85D30AE-556F-460A-9A9C-A377BA7FE163}.Release|Any CPU.Build.0 = Release|Any CPU
		{B85D30AE-556F-460A-9A9C-A377BA7FE163}.Release|x64.ActiveCfg = Release|Any CPU
		{B85D30AE-556F-460A-9A9C-A377BA7FE163}.Release|x64.Build.0 = Release|Any CPU
		{B85D30AE-556F-460A-9A9C-A377BA7FE163}.Release|x86.ActiveCfg = Release|Any CPU
		{B85D30AE-556F-460A-9A9C-A377BA7FE163}.Release|x86.Build.0 = Release|Any CPU
		{E65ADB09-F86E-428A-ACEB-F7FD6F398C74}.Debug|Any CPU.ActiveCfg = Debug|Any CPU
		{E65ADB09-F86E-428A-ACEB-F7FD6F398C74}.Debug|Any CPU.Build.0 = Debug|Any CPU
		{E65ADB09-F86E-428A-ACEB-F7FD6F398C74}.Debug|x64.ActiveCfg = Debug|Any CPU
		{E65ADB09-F86E-428A-ACEB-F7FD6F398C74}.Debug|x64.Build.0 = Debug|Any CPU
		{E65ADB09-F86E-428A-ACEB-F7FD6F398C74}.Debug|x86.ActiveCfg = Debug|Any CPU
		{E65ADB09-F86E-428A-ACEB-F7FD6F398C74}.Debug|x86.Build.0 = Debug|Any CPU
		{E65ADB09-F86E-428A-ACEB-F7FD6F398C74}.Release|Any CPU.ActiveCfg = Release|Any CPU
		{E65ADB09-F86E-428A-ACEB-F7FD6F398C74}.Release|Any CPU.Build.0 = Release|Any CPU
		{E65ADB09-F86E-428A-ACEB-F7FD6F398C74}.Release|x64.ActiveCfg = Release|Any CPU
		{E65ADB09-F86E-428A-ACEB-F7FD6F398C74}.Release|x64.Build.0 = Release|Any CPU
		{E65ADB09-F86E-428A-ACEB-F7FD6F398C74}.Release|x86.ActiveCfg = Release|Any CPU
		{E65ADB09-F86E-428A-ACEB-F7FD6F398C74}.Release|x86.Build.0 = Release|Any CPU
		{AF2D450C-1ABE-4A4B-973B-E7124DB8FAE1}.Debug|Any CPU.ActiveCfg = Debug|Any CPU
		{AF2D450C-1ABE-4A4B-973B-E7124DB8FAE1}.Debug|Any CPU.Build.0 = Debug|Any CPU
		{AF2D450C-1ABE-4A4B-973B-E7124DB8FAE1}.Debug|x64.ActiveCfg = Debug|Any CPU
		{AF2D450C-1ABE-4A4B-973B-E7124DB8FAE1}.Debug|x64.Build.0 = Debug|Any CPU
		{AF2D450C-1ABE-4A4B-973B-E7124DB8FAE1}.Debug|x86.ActiveCfg = Debug|Any CPU
		{AF2D450C-1ABE-4A4B-973B-E7124DB8FAE1}.Debug|x86.Build.0 = Debug|Any CPU
		{AF2D450C-1ABE-4A4B-973B-E7124DB8FAE1}.Release|Any CPU.ActiveCfg = Release|Any CPU
		{AF2D450C-1ABE-4A4B-973B-E7124DB8FAE1}.Release|Any CPU.Build.0 = Release|Any CPU
		{AF2D450C-1ABE-4A4B-973B-E7124DB8FAE1}.Release|x64.ActiveCfg = Release|Any CPU
		{AF2D450C-1ABE-4A4B-973B-E7124DB8FAE1}.Release|x64.Build.0 = Release|Any CPU
		{AF2D450C-1ABE-4A4B-973B-E7124DB8FAE1}.Release|x86.ActiveCfg = Release|Any CPU
		{AF2D450C-1ABE-4A4B-973B-E7124DB8FAE1}.Release|x86.Build.0 = Release|Any CPU
		{09C29B0D-C405-4C9C-A646-803DDF0751D2}.Debug|Any CPU.ActiveCfg = Debug|Any CPU
		{09C29B0D-C405-4C9C-A646-803DDF0751D2}.Debug|Any CPU.Build.0 = Debug|Any CPU
		{09C29B0D-C405-4C9C-A646-803DDF0751D2}.Debug|x64.ActiveCfg = Debug|Any CPU
		{09C29B0D-C405-4C9C-A646-803DDF0751D2}.Debug|x64.Build.0 = Debug|Any CPU
		{09C29B0D-C405-4C9C-A646-803DDF0751D2}.Debug|x86.ActiveCfg = Debug|Any CPU
		{09C29B0D-C405-4C9C-A646-803DDF0751D2}.Debug|x86.Build.0 = Debug|Any CPU
		{09C29B0D-C405-4C9C-A646-803DDF0751D2}.Release|Any CPU.ActiveCfg = Release|Any CPU
		{09C29B0D-C405-4C9C-A646-803DDF0751D2}.Release|Any CPU.Build.0 = Release|Any CPU
		{09C29B0D-C405-4C9C-A646-803DDF0751D2}.Release|x64.ActiveCfg = Release|Any CPU
		{09C29B0D-C405-4C9C-A646-803DDF0751D2}.Release|x64.Build.0 = Release|Any CPU
		{09C29B0D-C405-4C9C-A646-803DDF0751D2}.Release|x86.ActiveCfg = Release|Any CPU
		{09C29B0D-C405-4C9C-A646-803DDF0751D2}.Release|x86.Build.0 = Release|Any CPU
		{B6E2B61E-CD93-4361-AB42-98FFB87773DE}.Debug|Any CPU.ActiveCfg = Debug|Any CPU
		{B6E2B61E-CD93-4361-AB42-98FFB87773DE}.Debug|Any CPU.Build.0 = Debug|Any CPU
		{B6E2B61E-CD93-4361-AB42-98FFB87773DE}.Debug|x64.ActiveCfg = Debug|Any CPU
		{B6E2B61E-CD93-4361-AB42-98FFB87773DE}.Debug|x64.Build.0 = Debug|Any CPU
		{B6E2B61E-CD93-4361-AB42-98FFB87773DE}.Debug|x86.ActiveCfg = Debug|Any CPU
		{B6E2B61E-CD93-4361-AB42-98FFB87773DE}.Debug|x86.Build.0 = Debug|Any CPU
		{B6E2B61E-CD93-4361-AB42-98FFB87773DE}.Release|Any CPU.ActiveCfg = Release|Any CPU
		{B6E2B61E-CD93-4361-AB42-98FFB87773DE}.Release|Any CPU.Build.0 = Release|Any CPU
		{B6E2B61E-CD93-4361-AB42-98FFB87773DE}.Release|x64.ActiveCfg = Release|Any CPU
		{B6E2B61E-CD93-4361-AB42-98FFB87773DE}.Release|x64.Build.0 = Release|Any CPU
		{B6E2B61E-CD93-4361-AB42-98FFB87773DE}.Release|x86.ActiveCfg = Release|Any CPU
		{B6E2B61E-CD93-4361-AB42-98FFB87773DE}.Release|x86.Build.0 = Release|Any CPU
		{92F6FA31-F583-41C2-AA62-B4F125F5B822}.Debug|Any CPU.ActiveCfg = Debug|Any CPU
		{92F6FA31-F583-41C2-AA62-B4F125F5B822}.Debug|Any CPU.Build.0 = Debug|Any CPU
		{92F6FA31-F583-41C2-AA62-B4F125F5B822}.Debug|x64.ActiveCfg = Debug|Any CPU
		{92F6FA31-F583-41C2-AA62-B4F125F5B822}.Debug|x64.Build.0 = Debug|Any CPU
		{92F6FA31-F583-41C2-AA62-B4F125F5B822}.Debug|x86.ActiveCfg = Debug|Any CPU
		{92F6FA31-F583-41C2-AA62-B4F125F5B822}.Debug|x86.Build.0 = Debug|Any CPU
		{92F6FA31-F583-41C2-AA62-B4F125F5B822}.Release|Any CPU.ActiveCfg = Release|Any CPU
		{92F6FA31-F583-41C2-AA62-B4F125F5B822}.Release|Any CPU.Build.0 = Release|Any CPU
		{92F6FA31-F583-41C2-AA62-B4F125F5B822}.Release|x64.ActiveCfg = Release|Any CPU
		{92F6FA31-F583-41C2-AA62-B4F125F5B822}.Release|x64.Build.0 = Release|Any CPU
		{92F6FA31-F583-41C2-AA62-B4F125F5B822}.Release|x86.ActiveCfg = Release|Any CPU
		{92F6FA31-F583-41C2-AA62-B4F125F5B822}.Release|x86.Build.0 = Release|Any CPU
	EndGlobalSection
	GlobalSection(SolutionProperties) = preSolution
		HideSolutionNode = FALSE
	EndGlobalSection
	GlobalSection(NestedProjects) = preSolution
		{21C2FA2D-2FD8-4168-B081-0A7875F8C6D8} = {13AD8615-8CF1-4797-8CC5-5608268DCB97}
		{20979479-5652-4485-8A1E-E611013127FE} = {13AD8615-8CF1-4797-8CC5-5608268DCB97}
		{B85D30AE-556F-460A-9A9C-A377BA7FE163} = {13AD8615-8CF1-4797-8CC5-5608268DCB97}
		{E65ADB09-F86E-428A-ACEB-F7FD6F398C74} = {13AD8615-8CF1-4797-8CC5-5608268DCB97}
		{AF2D450C-1ABE-4A4B-973B-E7124DB8FAE1} = {13AD8615-8CF1-4797-8CC5-5608268DCB97}
		{09C29B0D-C405-4C9C-A646-803DDF0751D2} = {13AD8615-8CF1-4797-8CC5-5608268DCB97}
		{B6E2B61E-CD93-4361-AB42-98FFB87773DE} = {13AD8615-8CF1-4797-8CC5-5608268DCB97}
		{92F6FA31-F583-41C2-AA62-B4F125F5B822} = {5BC2DE33-6ED8-440F-8BC1-B57B5F3511A6}
	EndGlobalSection
	GlobalSection(ExtensibilityGlobals) = postSolution
		SolutionGuid = {FC2EB0C9-9708-48E9-8370-B15C4856E147}
	EndGlobalSection
EndGlobal
